
Microsoft Visual Studio Solution File, Format Version 12.00
# Visual Studio 15
VisualStudioVersion = 15.0.28307.1022
MinimumVisualStudioVersion = 10.0.40219.1
Project("{FAE04EC0-301F-11D3-BF4B-00C04F79EFBC}") = "Vagas.Android", "Vagas\Vagas.Android\Vagas.Android.csproj", "{528BAADB-9D97-42DA-9377-EAC0041C31CE}"
EndProject
Project("{FAE04EC0-301F-11D3-BF4B-00C04F79EFBC}") = "Vagas.iOS", "Vagas\Vagas.iOS\Vagas.iOS.csproj", "{8573AAEF-F7EA-4845-B617-776F48B67A17}"
EndProject
Project("{FAE04EC0-301F-11D3-BF4B-00C04F79EFBC}") = "Vagas.UWP", "Vagas\Vagas.UWP\Vagas.UWP.csproj", "{114A807A-CBA2-40C5-8AAD-883CCF2F70BF}"
EndProject
Project("{FAE04EC0-301F-11D3-BF4B-00C04F79EFBC}") = "Vagas", "Vagas\Vagas\Vagas.csproj", "{16A0817B-8FA4-4EFC-AAD7-F492BCC48F66}"
EndProject
Global
	GlobalSection(SolutionConfigurationPlatforms) = preSolution
		Ad-Hoc|Any CPU = Ad-Hoc|Any CPU
		Ad-Hoc|ARM = Ad-Hoc|ARM
		Ad-Hoc|iPhone = Ad-Hoc|iPhone
		Ad-Hoc|iPhoneSimulator = Ad-Hoc|iPhoneSimulator
		Ad-Hoc|x64 = Ad-Hoc|x64
		Ad-Hoc|x86 = Ad-Hoc|x86
		AppStore|Any CPU = AppStore|Any CPU
		AppStore|ARM = AppStore|ARM
		AppStore|iPhone = AppStore|iPhone
		AppStore|iPhoneSimulator = AppStore|iPhoneSimulator
		AppStore|x64 = AppStore|x64
		AppStore|x86 = AppStore|x86
		Debug|Any CPU = Debug|Any CPU
		Debug|ARM = Debug|ARM
		Debug|iPhone = Debug|iPhone
		Debug|iPhoneSimulator = Debug|iPhoneSimulator
		Debug|x64 = Debug|x64
		Debug|x86 = Debug|x86
		Release|Any CPU = Release|Any CPU
		Release|ARM = Release|ARM
		Release|iPhone = Release|iPhone
		Release|iPhoneSimulator = Release|iPhoneSimulator
		Release|x64 = Release|x64
		Release|x86 = Release|x86
	EndGlobalSection
	GlobalSection(ProjectConfigurationPlatforms) = postSolution
		{528BAADB-9D97-42DA-9377-EAC0041C31CE}.Ad-Hoc|Any CPU.ActiveCfg = Release|Any CPU
		{528BAADB-9D97-42DA-9377-EAC0041C31CE}.Ad-Hoc|Any CPU.Build.0 = Release|Any CPU
		{528BAADB-9D97-42DA-9377-EAC0041C31CE}.Ad-Hoc|Any CPU.Deploy.0 = Release|Any CPU
		{528BAADB-9D97-42DA-9377-EAC0041C31CE}.Ad-Hoc|ARM.ActiveCfg = Release|Any CPU
		{528BAADB-9D97-42DA-9377-EAC0041C31CE}.Ad-Hoc|ARM.Build.0 = Release|Any CPU
		{528BAADB-9D97-42DA-9377-EAC0041C31CE}.Ad-Hoc|ARM.Deploy.0 = Release|Any CPU
		{528BAADB-9D97-42DA-9377-EAC0041C31CE}.Ad-Hoc|iPhone.ActiveCfg = Release|Any CPU
		{528BAADB-9D97-42DA-9377-EAC0041C31CE}.Ad-Hoc|iPhone.Build.0 = Release|Any CPU
		{528BAADB-9D97-42DA-9377-EAC0041C31CE}.Ad-Hoc|iPhone.Deploy.0 = Release|Any CPU
		{528BAADB-9D97-42DA-9377-EAC0041C31CE}.Ad-Hoc|iPhoneSimulator.ActiveCfg = Release|Any CPU
		{528BAADB-9D97-42DA-9377-EAC0041C31CE}.Ad-Hoc|iPhoneSimulator.Build.0 = Release|Any CPU
		{528BAADB-9D97-42DA-9377-EAC0041C31CE}.Ad-Hoc|iPhoneSimulator.Deploy.0 = Release|Any CPU
		{528BAADB-9D97-42DA-9377-EAC0041C31CE}.Ad-Hoc|x64.ActiveCfg = Release|Any CPU
		{528BAADB-9D97-42DA-9377-EAC0041C31CE}.Ad-Hoc|x64.Build.0 = Release|Any CPU
		{528BAADB-9D97-42DA-9377-EAC0041C31CE}.Ad-Hoc|x64.Deploy.0 = Release|Any CPU
		{528BAADB-9D97-42DA-9377-EAC0041C31CE}.Ad-Hoc|x86.ActiveCfg = Release|Any CPU
		{528BAADB-9D97-42DA-9377-EAC0041C31CE}.Ad-Hoc|x86.Build.0 = Release|Any CPU
		{528BAADB-9D97-42DA-9377-EAC0041C31CE}.Ad-Hoc|x86.Deploy.0 = Release|Any CPU
		{528BAADB-9D97-42DA-9377-EAC0041C31CE}.AppStore|Any CPU.ActiveCfg = Release|Any CPU
		{528BAADB-9D97-42DA-9377-EAC0041C31CE}.AppStore|Any CPU.Build.0 = Release|Any CPU
		{528BAADB-9D97-42DA-9377-EAC0041C31CE}.AppStore|Any CPU.Deploy.0 = Release|Any CPU
		{528BAADB-9D97-42DA-9377-EAC0041C31CE}.AppStore|ARM.ActiveCfg = Release|Any CPU
		{528BAADB-9D97-42DA-9377-EAC0041C31CE}.AppStore|ARM.Build.0 = Release|Any CPU
		{528BAADB-9D97-42DA-9377-EAC0041C31CE}.AppStore|ARM.Deploy.0 = Release|Any CPU
		{528BAADB-9D97-42DA-9377-EAC0041C31CE}.AppStore|iPhone.ActiveCfg = Release|Any CPU
		{528BAADB-9D97-42DA-9377-EAC0041C31CE}.AppStore|iPhone.Build.0 = Release|Any CPU
		{528BAADB-9D97-42DA-9377-EAC0041C31CE}.AppStore|iPhone.Deploy.0 = Release|Any CPU
		{528BAADB-9D97-42DA-9377-EAC0041C31CE}.AppStore|iPhoneSimulator.ActiveCfg = Release|Any CPU
		{528BAADB-9D97-42DA-9377-EAC0041C31CE}.AppStore|iPhoneSimulator.Build.0 = Release|Any CPU
		{528BAADB-9D97-42DA-9377-EAC0041C31CE}.AppStore|iPhoneSimulator.Deploy.0 = Release|Any CPU
		{528BAADB-9D97-42DA-9377-EAC0041C31CE}.AppStore|x64.ActiveCfg = Release|Any CPU
		{528BAADB-9D97-42DA-9377-EAC0041C31CE}.AppStore|x64.Build.0 = Release|Any CPU
		{528BAADB-9D97-42DA-9377-EAC0041C31CE}.AppStore|x64.Deploy.0 = Release|Any CPU
		{528BAADB-9D97-42DA-9377-EAC0041C31CE}.AppStore|x86.ActiveCfg = Release|Any CPU
		{528BAADB-9D97-42DA-9377-EAC0041C31CE}.AppStore|x86.Build.0 = Release|Any CPU
		{528BAADB-9D97-42DA-9377-EAC0041C31CE}.AppStore|x86.Deploy.0 = Release|Any CPU
		{528BAADB-9D97-42DA-9377-EAC0041C31CE}.Debug|Any CPU.ActiveCfg = Debug|Any CPU
		{528BAADB-9D97-42DA-9377-EAC0041C31CE}.Debug|Any CPU.Build.0 = Debug|Any CPU
		{528BAADB-9D97-42DA-9377-EAC0041C31CE}.Debug|Any CPU.Deploy.0 = Debug|Any CPU
		{528BAADB-9D97-42DA-9377-EAC0041C31CE}.Debug|ARM.ActiveCfg = Debug|Any CPU
		{528BAADB-9D97-42DA-9377-EAC0041C31CE}.Debug|ARM.Build.0 = Debug|Any CPU
		{528BAADB-9D97-42DA-9377-EAC0041C31CE}.Debug|ARM.Deploy.0 = Debug|Any CPU
		{528BAADB-9D97-42DA-9377-EAC0041C31CE}.Debug|iPhone.ActiveCfg = Debug|Any CPU
		{528BAADB-9D97-42DA-9377-EAC0041C31CE}.Debug|iPhone.Build.0 = Debug|Any CPU
		{528BAADB-9D97-42DA-9377-EAC0041C31CE}.Debug|iPhone.Deploy.0 = Debug|Any CPU
		{528BAADB-9D97-42DA-9377-EAC0041C31CE}.Debug|iPhoneSimulator.ActiveCfg = Debug|Any CPU
		{528BAADB-9D97-42DA-9377-EAC0041C31CE}.Debug|iPhoneSimulator.Build.0 = Debug|Any CPU
		{528BAADB-9D97-42DA-9377-EAC0041C31CE}.Debug|iPhoneSimulator.Deploy.0 = Debug|Any CPU
		{528BAADB-9D97-42DA-9377-EAC0041C31CE}.Debug|x64.ActiveCfg = Debug|Any CPU
		{528BAADB-9D97-42DA-9377-EAC0041C31CE}.Debug|x64.Build.0 = Debug|Any CPU
		{528BAADB-9D97-42DA-9377-EAC0041C31CE}.Debug|x64.Deploy.0 = Debug|Any CPU
		{528BAADB-9D97-42DA-9377-EAC0041C31CE}.Debug|x86.ActiveCfg = Debug|Any CPU
		{528BAADB-9D97-42DA-9377-EAC0041C31CE}.Debug|x86.Build.0 = Debug|Any CPU
		{528BAADB-9D97-42DA-9377-EAC0041C31CE}.Debug|x86.Deploy.0 = Debug|Any CPU
		{528BAADB-9D97-42DA-9377-EAC0041C31CE}.Release|Any CPU.ActiveCfg = Release|Any CPU
		{528BAADB-9D97-42DA-9377-EAC0041C31CE}.Release|Any CPU.Build.0 = Release|Any CPU
		{528BAADB-9D97-42DA-9377-EAC0041C31CE}.Release|Any CPU.Deploy.0 = Release|Any CPU
		{528BAADB-9D97-42DA-9377-EAC0041C31CE}.Release|ARM.ActiveCfg = Release|Any CPU
		{528BAADB-9D97-42DA-9377-EAC0041C31CE}.Release|ARM.Build.0 = Release|Any CPU
		{528BAADB-9D97-42DA-9377-EAC0041C31CE}.Release|ARM.Deploy.0 = Release|Any CPU
		{528BAADB-9D97-42DA-9377-EAC0041C31CE}.Release|iPhone.ActiveCfg = Release|Any CPU
		{528BAADB-9D97-42DA-9377-EAC0041C31CE}.Release|iPhone.Build.0 = Release|Any CPU
		{528BAADB-9D97-42DA-9377-EAC0041C31CE}.Release|iPhone.Deploy.0 = Release|Any CPU
		{528BAADB-9D97-42DA-9377-EAC0041C31CE}.Release|iPhoneSimulator.ActiveCfg = Release|Any CPU
		{528BAADB-9D97-42DA-9377-EAC0041C31CE}.Release|iPhoneSimulator.Build.0 = Release|Any CPU
		{528BAADB-9D97-42DA-9377-EAC0041C31CE}.Release|iPhoneSimulator.Deploy.0 = Release|Any CPU
		{528BAADB-9D97-42DA-9377-EAC0041C31CE}.Release|x64.ActiveCfg = Release|Any CPU
		{528BAADB-9D97-42DA-9377-EAC0041C31CE}.Release|x64.Build.0 = Release|Any CPU
		{528BAADB-9D97-42DA-9377-EAC0041C31CE}.Release|x64.Deploy.0 = Release|Any CPU
		{528BAADB-9D97-42DA-9377-EAC0041C31CE}.Release|x86.ActiveCfg = Release|Any CPU
		{528BAADB-9D97-42DA-9377-EAC0041C31CE}.Release|x86.Build.0 = Release|Any CPU
		{528BAADB-9D97-42DA-9377-EAC0041C31CE}.Release|x86.Deploy.0 = Release|Any CPU
		{8573AAEF-F7EA-4845-B617-776F48B67A17}.Ad-Hoc|Any CPU.ActiveCfg = Ad-Hoc|iPhone
		{8573AAEF-F7EA-4845-B617-776F48B67A17}.Ad-Hoc|Any CPU.Build.0 = Ad-Hoc|iPhone
		{8573AAEF-F7EA-4845-B617-776F48B67A17}.Ad-Hoc|Any CPU.Deploy.0 = Ad-Hoc|iPhone
		{8573AAEF-F7EA-4845-B617-776F48B67A17}.Ad-Hoc|ARM.ActiveCfg = Ad-Hoc|iPhone
		{8573AAEF-F7EA-4845-B617-776F48B67A17}.Ad-Hoc|ARM.Build.0 = Ad-Hoc|iPhone
		{8573AAEF-F7EA-4845-B617-776F48B67A17}.Ad-Hoc|ARM.Deploy.0 = Ad-Hoc|iPhone
		{8573AAEF-F7EA-4845-B617-776F48B67A17}.Ad-Hoc|iPhone.ActiveCfg = Ad-Hoc|iPhone
		{8573AAEF-F7EA-4845-B617-776F48B67A17}.Ad-Hoc|iPhone.Build.0 = Ad-Hoc|iPhone
		{8573AAEF-F7EA-4845-B617-776F48B67A17}.Ad-Hoc|iPhone.Deploy.0 = Ad-Hoc|iPhone
		{8573AAEF-F7EA-4845-B617-776F48B67A17}.Ad-Hoc|iPhoneSimulator.ActiveCfg = Ad-Hoc|iPhoneSimulator
		{8573AAEF-F7EA-4845-B617-776F48B67A17}.Ad-Hoc|iPhoneSimulator.Build.0 = Ad-Hoc|iPhoneSimulator
		{8573AAEF-F7EA-4845-B617-776F48B67A17}.Ad-Hoc|iPhoneSimulator.Deploy.0 = Ad-Hoc|iPhoneSimulator
		{8573AAEF-F7EA-4845-B617-776F48B67A17}.Ad-Hoc|x64.ActiveCfg = Ad-Hoc|iPhone
		{8573AAEF-F7EA-4845-B617-776F48B67A17}.Ad-Hoc|x64.Build.0 = Ad-Hoc|iPhone
		{8573AAEF-F7EA-4845-B617-776F48B67A17}.Ad-Hoc|x64.Deploy.0 = Ad-Hoc|iPhone
		{8573AAEF-F7EA-4845-B617-776F48B67A17}.Ad-Hoc|x86.ActiveCfg = Ad-Hoc|iPhone
		{8573AAEF-F7EA-4845-B617-776F48B67A17}.Ad-Hoc|x86.Build.0 = Ad-Hoc|iPhone
		{8573AAEF-F7EA-4845-B617-776F48B67A17}.Ad-Hoc|x86.Deploy.0 = Ad-Hoc|iPhone
		{8573AAEF-F7EA-4845-B617-776F48B67A17}.AppStore|Any CPU.ActiveCfg = AppStore|iPhone
		{8573AAEF-F7EA-4845-B617-776F48B67A17}.AppStore|Any CPU.Build.0 = AppStore|iPhone
		{8573AAEF-F7EA-4845-B617-776F48B67A17}.AppStore|Any CPU.Deploy.0 = AppStore|iPhone
		{8573AAEF-F7EA-4845-B617-776F48B67A17}.AppStore|ARM.ActiveCfg = AppStore|iPhone
		{8573AAEF-F7EA-4845-B617-776F48B67A17}.AppStore|ARM.Build.0 = AppStore|iPhone
		{8573AAEF-F7EA-4845-B617-776F48B67A17}.AppStore|ARM.Deploy.0 = AppStore|iPhone
		{8573AAEF-F7EA-4845-B617-776F48B67A17}.AppStore|iPhone.ActiveCfg = AppStore|iPhone
		{8573AAEF-F7EA-4845-B617-776F48B67A17}.AppStore|iPhone.Build.0 = AppStore|iPhone
		{8573AAEF-F7EA-4845-B617-776F48B67A17}.AppStore|iPhone.Deploy.0 = AppStore|iPhone
		{8573AAEF-F7EA-4845-B617-776F48B67A17}.AppStore|iPhoneSimulator.ActiveCfg = AppStore|iPhoneSimulator
		{8573AAEF-F7EA-4845-B617-776F48B67A17}.AppStore|iPhoneSimulator.Build.0 = AppStore|iPhoneSimulator
		{8573AAEF-F7EA-4845-B617-776F48B67A17}.AppStore|iPhoneSimulator.Deploy.0 = AppStore|iPhoneSimulator
		{8573AAEF-F7EA-4845-B617-776F48B67A17}.AppStore|x64.ActiveCfg = AppStore|iPhone
		{8573AAEF-F7EA-4845-B617-776F48B67A17}.AppStore|x64.Build.0 = AppStore|iPhone
		{8573AAEF-F7EA-4845-B617-776F48B67A17}.AppStore|x64.Deploy.0 = AppStore|iPhone
		{8573AAEF-F7EA-4845-B617-776F48B67A17}.AppStore|x86.ActiveCfg = AppStore|iPhone
		{8573AAEF-F7EA-4845-B617-776F48B67A17}.AppStore|x86.Build.0 = AppStore|iPhone
		{8573AAEF-F7EA-4845-B617-776F48B67A17}.AppStore|x86.Deploy.0 = AppStore|iPhone
		{8573AAEF-F7EA-4845-B617-776F48B67A17}.Debug|Any CPU.ActiveCfg = Debug|iPhoneSimulator
		{8573AAEF-F7EA-4845-B617-776F48B67A17}.Debug|Any CPU.Build.0 = Debug|iPhoneSimulator
		{8573AAEF-F7EA-4845-B617-776F48B67A17}.Debug|Any CPU.Deploy.0 = Debug|iPhoneSimulator
		{8573AAEF-F7EA-4845-B617-776F48B67A17}.Debug|ARM.ActiveCfg = Debug|iPhone
		{8573AAEF-F7EA-4845-B617-776F48B67A17}.Debug|ARM.Build.0 = Debug|iPhone
		{8573AAEF-F7EA-4845-B617-776F48B67A17}.Debug|ARM.Deploy.0 = Debug|iPhone
		{8573AAEF-F7EA-4845-B617-776F48B67A17}.Debug|iPhone.ActiveCfg = Debug|iPhone
		{8573AAEF-F7EA-4845-B617-776F48B67A17}.Debug|iPhone.Build.0 = Debug|iPhone
		{8573AAEF-F7EA-4845-B617-776F48B67A17}.Debug|iPhone.Deploy.0 = Debug|iPhone
		{8573AAEF-F7EA-4845-B617-776F48B67A17}.Debug|iPhoneSimulator.ActiveCfg = Debug|iPhoneSimulator
		{8573AAEF-F7EA-4845-B617-776F48B67A17}.Debug|iPhoneSimulator.Build.0 = Debug|iPhoneSimulator
		{8573AAEF-F7EA-4845-B617-776F48B67A17}.Debug|iPhoneSimulator.Deploy.0 = Debug|iPhoneSimulator
		{8573AAEF-F7EA-4845-B617-776F48B67A17}.Debug|x64.ActiveCfg = Debug|iPhone
		{8573AAEF-F7EA-4845-B617-776F48B67A17}.Debug|x64.Build.0 = Debug|iPhone
		{8573AAEF-F7EA-4845-B617-776F48B67A17}.Debug|x64.Deploy.0 = Debug|iPhone
		{8573AAEF-F7EA-4845-B617-776F48B67A17}.Debug|x86.ActiveCfg = Debug|iPhone
		{8573AAEF-F7EA-4845-B617-776F48B67A17}.Debug|x86.Build.0 = Debug|iPhone
		{8573AAEF-F7EA-4845-B617-776F48B67A17}.Debug|x86.Deploy.0 = Debug|iPhone
		{8573AAEF-F7EA-4845-B617-776F48B67A17}.Release|Any CPU.ActiveCfg = Release|iPhone
		{8573AAEF-F7EA-4845-B617-776F48B67A17}.Release|Any CPU.Build.0 = Release|iPhone
		{8573AAEF-F7EA-4845-B617-776F48B67A17}.Release|Any CPU.Deploy.0 = Release|iPhone
		{8573AAEF-F7EA-4845-B617-776F48B67A17}.Release|ARM.ActiveCfg = Release|iPhone
		{8573AAEF-F7EA-4845-B617-776F48B67A17}.Release|ARM.Build.0 = Release|iPhone
		{8573AAEF-F7EA-4845-B617-776F48B67A17}.Release|ARM.Deploy.0 = Release|iPhone
		{8573AAEF-F7EA-4845-B617-776F48B67A17}.Release|iPhone.ActiveCfg = Release|iPhone
		{8573AAEF-F7EA-4845-B617-776F48B67A17}.Release|iPhone.Build.0 = Release|iPhone
		{8573AAEF-F7EA-4845-B617-776F48B67A17}.Release|iPhone.Deploy.0 = Release|iPhone
		{8573AAEF-F7EA-4845-B617-776F48B67A17}.Release|iPhoneSimulator.ActiveCfg = Release|iPhoneSimulator
		{8573AAEF-F7EA-4845-B617-776F48B67A17}.Release|iPhoneSimulator.Build.0 = Release|iPhoneSimulator
		{8573AAEF-F7EA-4845-B617-776F48B67A17}.Release|iPhoneSimulator.Deploy.0 = Release|iPhoneSimulator
		{8573AAEF-F7EA-4845-B617-776F48B67A17}.Release|x64.ActiveCfg = Release|iPhone
		{8573AAEF-F7EA-4845-B617-776F48B67A17}.Release|x64.Build.0 = Release|iPhone
		{8573AAEF-F7EA-4845-B617-776F48B67A17}.Release|x64.Deploy.0 = Release|iPhone
		{8573AAEF-F7EA-4845-B617-776F48B67A17}.Release|x86.ActiveCfg = Release|iPhone
		{8573AAEF-F7EA-4845-B617-776F48B67A17}.Release|x86.Build.0 = Release|iPhone
		{8573AAEF-F7EA-4845-B617-776F48B67A17}.Release|x86.Deploy.0 = Release|iPhone
		{114A807A-CBA2-40C5-8AAD-883CCF2F70BF}.Ad-Hoc|Any CPU.ActiveCfg = Release|x86
		{114A807A-CBA2-40C5-8AAD-883CCF2F70BF}.Ad-Hoc|Any CPU.Build.0 = Release|x86
		{114A807A-CBA2-40C5-8AAD-883CCF2F70BF}.Ad-Hoc|Any CPU.Deploy.0 = Release|x86
		{114A807A-CBA2-40C5-8AAD-883CCF2F70BF}.Ad-Hoc|ARM.ActiveCfg = Release|ARM
		{114A807A-CBA2-40C5-8AAD-883CCF2F70BF}.Ad-Hoc|ARM.Build.0 = Release|ARM
		{114A807A-CBA2-40C5-8AAD-883CCF2F70BF}.Ad-Hoc|ARM.Deploy.0 = Release|ARM
		{114A807A-CBA2-40C5-8AAD-883CCF2F70BF}.Ad-Hoc|iPhone.ActiveCfg = Release|x86
		{114A807A-CBA2-40C5-8AAD-883CCF2F70BF}.Ad-Hoc|iPhone.Build.0 = Release|x86
		{114A807A-CBA2-40C5-8AAD-883CCF2F70BF}.Ad-Hoc|iPhone.Deploy.0 = Release|x86
		{114A807A-CBA2-40C5-8AAD-883CCF2F70BF}.Ad-Hoc|iPhoneSimulator.ActiveCfg = Release|x86
		{114A807A-CBA2-40C5-8AAD-883CCF2F70BF}.Ad-Hoc|iPhoneSimulator.Build.0 = Release|x86
		{114A807A-CBA2-40C5-8AAD-883CCF2F70BF}.Ad-Hoc|iPhoneSimulator.Deploy.0 = Release|x86
		{114A807A-CBA2-40C5-8AAD-883CCF2F70BF}.Ad-Hoc|x64.ActiveCfg = Release|x64
		{114A807A-CBA2-40C5-8AAD-883CCF2F70BF}.Ad-Hoc|x64.Build.0 = Release|x64
		{114A807A-CBA2-40C5-8AAD-883CCF2F70BF}.Ad-Hoc|x64.Deploy.0 = Release|x64
		{114A807A-CBA2-40C5-8AAD-883CCF2F70BF}.Ad-Hoc|x86.ActiveCfg = Release|x86
		{114A807A-CBA2-40C5-8AAD-883CCF2F70BF}.Ad-Hoc|x86.Build.0 = Release|x86
		{114A807A-CBA2-40C5-8AAD-883CCF2F70BF}.Ad-Hoc|x86.Deploy.0 = Release|x86
		{114A807A-CBA2-40C5-8AAD-883CCF2F70BF}.AppStore|Any CPU.ActiveCfg = Release|x86
		{114A807A-CBA2-40C5-8AAD-883CCF2F70BF}.AppStore|Any CPU.Build.0 = Release|x86
		{114A807A-CBA2-40C5-8AAD-883CCF2F70BF}.AppStore|Any CPU.Deploy.0 = Release|x86
		{114A807A-CBA2-40C5-8AAD-883CCF2F70BF}.AppStore|ARM.ActiveCfg = Release|ARM
		{114A807A-CBA2-40C5-8AAD-883CCF2F70BF}.AppStore|ARM.Build.0 = Release|ARM
		{114A807A-CBA2-40C5-8AAD-883CCF2F70BF}.AppStore|ARM.Deploy.0 = Release|ARM
		{114A807A-CBA2-40C5-8AAD-883CCF2F70BF}.AppStore|iPhone.ActiveCfg = Release|x86
		{114A807A-CBA2-40C5-8AAD-883CCF2F70BF}.AppStore|iPhone.Build.0 = Release|x86
		{114A807A-CBA2-40C5-8AAD-883CCF2F70BF}.AppStore|iPhone.Deploy.0 = Release|x86
		{114A807A-CBA2-40C5-8AAD-883CCF2F70BF}.AppStore|iPhoneSimulator.ActiveCfg = Release|x86
		{114A807A-CBA2-40C5-8AAD-883CCF2F70BF}.AppStore|iPhoneSimulator.Build.0 = Release|x86
		{114A807A-CBA2-40C5-8AAD-883CCF2F70BF}.AppStore|iPhoneSimulator.Deploy.0 = Release|x86
		{114A807A-CBA2-40C5-8AAD-883CCF2F70BF}.AppStore|x64.ActiveCfg = Release|x64
		{114A807A-CBA2-40C5-8AAD-883CCF2F70BF}.AppStore|x64.Build.0 = Release|x64
		{114A807A-CBA2-40C5-8AAD-883CCF2F70BF}.AppStore|x64.Deploy.0 = Release|x64
		{114A807A-CBA2-40C5-8AAD-883CCF2F70BF}.AppStore|x86.ActiveCfg = Release|x86
		{114A807A-CBA2-40C5-8AAD-883CCF2F70BF}.AppStore|x86.Build.0 = Release|x86
		{114A807A-CBA2-40C5-8AAD-883CCF2F70BF}.AppStore|x86.Deploy.0 = Release|x86
		{114A807A-CBA2-40C5-8AAD-883CCF2F70BF}.Debug|Any CPU.ActiveCfg = Debug|x86
		{114A807A-CBA2-40C5-8AAD-883CCF2F70BF}.Debug|Any CPU.Build.0 = Debug|x86
		{114A807A-CBA2-40C5-8AAD-883CCF2F70BF}.Debug|Any CPU.Deploy.0 = Debug|x86
		{114A807A-CBA2-40C5-8AAD-883CCF2F70BF}.Debug|ARM.ActiveCfg = Debug|ARM
		{114A807A-CBA2-40C5-8AAD-883CCF2F70BF}.Debug|ARM.Build.0 = Debug|ARM
		{114A807A-CBA2-40C5-8AAD-883CCF2F70BF}.Debug|ARM.Deploy.0 = Debug|ARM
		{114A807A-CBA2-40C5-8AAD-883CCF2F70BF}.Debug|iPhone.ActiveCfg = Debug|x86
		{114A807A-CBA2-40C5-8AAD-883CCF2F70BF}.Debug|iPhone.Build.0 = Debug|x86
		{114A807A-CBA2-40C5-8AAD-883CCF2F70BF}.Debug|iPhone.Deploy.0 = Debug|x86
		{114A807A-CBA2-40C5-8AAD-883CCF2F70BF}.Debug|iPhoneSimulator.ActiveCfg = Debug|x86
		{114A807A-CBA2-40C5-8AAD-883CCF2F70BF}.Debug|iPhoneSimulator.Build.0 = Debug|x86
		{114A807A-CBA2-40C5-8AAD-883CCF2F70BF}.Debug|iPhoneSimulator.Deploy.0 = Debug|x86
		{114A807A-CBA2-40C5-8AAD-883CCF2F70BF}.Debug|x64.ActiveCfg = Debug|x64
		{114A807A-CBA2-40C5-8AAD-883CCF2F70BF}.Debug|x64.Build.0 = Debug|x64
		{114A807A-CBA2-40C5-8AAD-883CCF2F70BF}.Debug|x64.Deploy.0 = Debug|x64
		{114A807A-CBA2-40C5-8AAD-883CCF2F70BF}.Debug|x86.ActiveCfg = Debug|x86
		{114A807A-CBA2-40C5-8AAD-883CCF2F70BF}.Debug|x86.Build.0 = Debug|x86
		{114A807A-CBA2-40C5-8AAD-883CCF2F70BF}.Debug|x86.Deploy.0 = Debug|x86
		{114A807A-CBA2-40C5-8AAD-883CCF2F70BF}.Release|Any CPU.ActiveCfg = Release|x86
		{114A807A-CBA2-40C5-8AAD-883CCF2F70BF}.Release|Any CPU.Build.0 = Release|x86
		{114A807A-CBA2-40C5-8AAD-883CCF2F70BF}.Release|Any CPU.Deploy.0 = Release|x86
		{114A807A-CBA2-40C5-8AAD-883CCF2F70BF}.Release|ARM.ActiveCfg = Release|ARM
		{114A807A-CBA2-40C5-8AAD-883CCF2F70BF}.Release|ARM.Build.0 = Release|ARM
		{114A807A-CBA2-40C5-8AAD-883CCF2F70BF}.Release|ARM.Deploy.0 = Release|ARM
		{114A807A-CBA2-40C5-8AAD-883CCF2F70BF}.Release|iPhone.ActiveCfg = Release|x86
		{114A807A-CBA2-40C5-8AAD-883CCF2F70BF}.Release|iPhone.Build.0 = Release|x86
		{114A807A-CBA2-40C5-8AAD-883CCF2F70BF}.Release|iPhone.Deploy.0 = Release|x86
		{114A807A-CBA2-40C5-8AAD-883CCF2F70BF}.Release|iPhoneSimulator.ActiveCfg = Release|x86
		{114A807A-CBA2-40C5-8AAD-883CCF2F70BF}.Release|iPhoneSimulator.Build.0 = Release|x86
		{114A807A-CBA2-40C5-8AAD-883CCF2F70BF}.Release|iPhoneSimulator.Deploy.0 = Release|x86
		{114A807A-CBA2-40C5-8AAD-883CCF2F70BF}.Release|x64.ActiveCfg = Release|x64
		{114A807A-CBA2-40C5-8AAD-883CCF2F70BF}.Release|x64.Build.0 = Release|x64
		{114A807A-CBA2-40C5-8AAD-883CCF2F70BF}.Release|x64.Deploy.0 = Release|x64
		{114A807A-CBA2-40C5-8AAD-883CCF2F70BF}.Release|x86.ActiveCfg = Release|x86
		{114A807A-CBA2-40C5-8AAD-883CCF2F70BF}.Release|x86.Build.0 = Release|x86
		{114A807A-CBA2-40C5-8AAD-883CCF2F70BF}.Release|x86.Deploy.0 = Release|x86
		{16A0817B-8FA4-4EFC-AAD7-F492BCC48F66}.Ad-Hoc|Any CPU.ActiveCfg = Debug|Any CPU
		{16A0817B-8FA4-4EFC-AAD7-F492BCC48F66}.Ad-Hoc|Any CPU.Build.0 = Debug|Any CPU
		{16A0817B-8FA4-4EFC-AAD7-F492BCC48F66}.Ad-Hoc|Any CPU.Deploy.0 = Debug|Any CPU
		{16A0817B-8FA4-4EFC-AAD7-F492BCC48F66}.Ad-Hoc|ARM.ActiveCfg = Debug|Any CPU
		{16A0817B-8FA4-4EFC-AAD7-F492BCC48F66}.Ad-Hoc|ARM.Build.0 = Debug|Any CPU
		{16A0817B-8FA4-4EFC-AAD7-F492BCC48F66}.Ad-Hoc|ARM.Deploy.0 = Debug|Any CPU
		{16A0817B-8FA4-4EFC-AAD7-F492BCC48F66}.Ad-Hoc|iPhone.ActiveCfg = Debug|Any CPU
		{16A0817B-8FA4-4EFC-AAD7-F492BCC48F66}.Ad-Hoc|iPhone.Build.0 = Debug|Any CPU
		{16A0817B-8FA4-4EFC-AAD7-F492BCC48F66}.Ad-Hoc|iPhone.Deploy.0 = Debug|Any CPU
		{16A0817B-8FA4-4EFC-AAD7-F492BCC48F66}.Ad-Hoc|iPhoneSimulator.ActiveCfg = Debug|Any CPU
		{16A0817B-8FA4-4EFC-AAD7-F492BCC48F66}.Ad-Hoc|iPhoneSimulator.Build.0 = Debug|Any CPU
		{16A0817B-8FA4-4EFC-AAD7-F492BCC48F66}.Ad-Hoc|iPhoneSimulator.Deploy.0 = Debug|Any CPU
		{16A0817B-8FA4-4EFC-AAD7-F492BCC48F66}.Ad-Hoc|x64.ActiveCfg = Debug|Any CPU
		{16A0817B-8FA4-4EFC-AAD7-F492BCC48F66}.Ad-Hoc|x64.Build.0 = Debug|Any CPU
		{16A0817B-8FA4-4EFC-AAD7-F492BCC48F66}.Ad-Hoc|x64.Deploy.0 = Debug|Any CPU
		{16A0817B-8FA4-4EFC-AAD7-F492BCC48F66}.Ad-Hoc|x86.ActiveCfg = Debug|Any CPU
		{16A0817B-8FA4-4EFC-AAD7-F492BCC48F66}.Ad-Hoc|x86.Build.0 = Debug|Any CPU
		{16A0817B-8FA4-4EFC-AAD7-F492BCC48F66}.Ad-Hoc|x86.Deploy.0 = Debug|Any CPU
		{16A0817B-8FA4-4EFC-AAD7-F492BCC48F66}.AppStore|Any CPU.ActiveCfg = Debug|Any CPU
		{16A0817B-8FA4-4EFC-AAD7-F492BCC48F66}.AppStore|Any CPU.Build.0 = Debug|Any CPU
		{16A0817B-8FA4-4EFC-AAD7-F492BCC48F66}.AppStore|Any CPU.Deploy.0 = Debug|Any CPU
		{16A0817B-8FA4-4EFC-AAD7-F492BCC48F66}.AppStore|ARM.ActiveCfg = Debug|Any CPU
		{16A0817B-8FA4-4EFC-AAD7-F492BCC48F66}.AppStore|ARM.Build.0 = Debug|Any CPU
		{16A0817B-8FA4-4EFC-AAD7-F492BCC48F66}.AppStore|ARM.Deploy.0 = Debug|Any CPU
		{16A0817B-8FA4-4EFC-AAD7-F492BCC48F66}.AppStore|iPhone.ActiveCfg = Debug|Any CPU
		{16A0817B-8FA4-4EFC-AAD7-F492BCC48F66}.AppStore|iPhone.Build.0 = Debug|Any CPU
		{16A0817B-8FA4-4EFC-AAD7-F492BCC48F66}.AppStore|iPhone.Deploy.0 = Debug|Any CPU
		{16A0817B-8FA4-4EFC-AAD7-F492BCC48F66}.AppStore|iPhoneSimulator.ActiveCfg = Debug|Any CPU
		{16A0817B-8FA4-4EFC-AAD7-F492BCC48F66}.AppStore|iPhoneSimulator.Build.0 = Debug|Any CPU
		{16A0817B-8FA4-4EFC-AAD7-F492BCC48F66}.AppStore|iPhoneSimulator.Deploy.0 = Debug|Any CPU
		{16A0817B-8FA4-4EFC-AAD7-F492BCC48F66}.AppStore|x64.ActiveCfg = Debug|Any CPU
		{16A0817B-8FA4-4EFC-AAD7-F492BCC48F66}.AppStore|x64.Build.0 = Debug|Any CPU
		{16A0817B-8FA4-4EFC-AAD7-F492BCC48F66}.AppStore|x64.Deploy.0 = Debug|Any CPU
		{16A0817B-8FA4-4EFC-AAD7-F492BCC48F66}.AppStore|x86.ActiveCfg = Debug|Any CPU
		{16A0817B-8FA4-4EFC-AAD7-F492BCC48F66}.AppStore|x86.Build.0 = Debug|Any CPU
		{16A0817B-8FA4-4EFC-AAD7-F492BCC48F66}.AppStore|x86.Deploy.0 = Debug|Any CPU
		{16A0817B-8FA4-4EFC-AAD7-F492BCC48F66}.Debug|Any CPU.ActiveCfg = Debug|Any CPU
		{16A0817B-8FA4-4EFC-AAD7-F492BCC48F66}.Debug|Any CPU.Build.0 = Debug|Any CPU
		{16A0817B-8FA4-4EFC-AAD7-F492BCC48F66}.Debug|Any CPU.Deploy.0 = Debug|Any CPU
		{16A0817B-8FA4-4EFC-AAD7-F492BCC48F66}.Debug|ARM.ActiveCfg = Debug|Any CPU
		{16A0817B-8FA4-4EFC-AAD7-F492BCC48F66}.Debug|ARM.Build.0 = Debug|Any CPU
		{16A0817B-8FA4-4EFC-AAD7-F492BCC48F66}.Debug|ARM.Deploy.0 = Debug|Any CPU
		{16A0817B-8FA4-4EFC-AAD7-F492BCC48F66}.Debug|iPhone.ActiveCfg = Debug|Any CPU
		{16A0817B-8FA4-4EFC-AAD7-F492BCC48F66}.Debug|iPhone.Build.0 = Debug|Any CPU
		{16A0817B-8FA4-4EFC-AAD7-F492BCC48F66}.Debug|iPhone.Deploy.0 = Debug|Any CPU
		{16A0817B-8FA4-4EFC-AAD7-F492BCC48F66}.Debug|iPhoneSimulator.ActiveCfg = Debug|Any CPU
		{16A0817B-8FA4-4EFC-AAD7-F492BCC48F66}.Debug|iPhoneSimulator.Build.0 = Debug|Any CPU
		{16A0817B-8FA4-4EFC-AAD7-F492BCC48F66}.Debug|iPhoneSimulator.Deploy.0 = Debug|Any CPU
		{16A0817B-8FA4-4EFC-AAD7-F492BCC48F66}.Debug|x64.ActiveCfg = Debug|Any CPU
		{16A0817B-8FA4-4EFC-AAD7-F492BCC48F66}.Debug|x64.Build.0 = Debug|Any CPU
		{16A0817B-8FA4-4EFC-AAD7-F492BCC48F66}.Debug|x64.Deploy.0 = Debug|Any CPU
		{16A0817B-8FA4-4EFC-AAD7-F492BCC48F66}.Debug|x86.ActiveCfg = Debug|Any CPU
		{16A0817B-8FA4-4EFC-AAD7-F492BCC48F66}.Debug|x86.Build.0 = Debug|Any CPU
		{16A0817B-8FA4-4EFC-AAD7-F492BCC48F66}.Debug|x86.Deploy.0 = Debug|Any CPU
		{16A0817B-8FA4-4EFC-AAD7-F492BCC48F66}.Release|Any CPU.ActiveCfg = Release|Any CPU
		{16A0817B-8FA4-4EFC-AAD7-F492BCC48F66}.Release|Any CPU.Build.0 = Release|Any CPU
		{16A0817B-8FA4-4EFC-AAD7-F492BCC48F66}.Release|Any CPU.Deploy.0 = Release|Any CPU
		{16A0817B-8FA4-4EFC-AAD7-F492BCC48F66}.Release|ARM.ActiveCfg = Release|Any CPU
		{16A0817B-8FA4-4EFC-AAD7-F492BCC48F66}.Release|ARM.Build.0 = Release|Any CPU
		{16A0817B-8FA4-4EFC-AAD7-F492BCC48F66}.Release|ARM.Deploy.0 = Release|Any CPU
		{16A0817B-8FA4-4EFC-AAD7-F492BCC48F66}.Release|iPhone.ActiveCfg = Release|Any CPU
		{16A0817B-8FA4-4EFC-AAD7-F492BCC48F66}.Release|iPhone.Build.0 = Release|Any CPU
		{16A0817B-8FA4-4EFC-AAD7-F492BCC48F66}.Release|iPhone.Deploy.0 = Release|Any CPU
		{16A0817B-8FA4-4EFC-AAD7-F492BCC48F66}.Release|iPhoneSimulator.ActiveCfg = Release|Any CPU
		{16A0817B-8FA4-4EFC-AAD7-F492BCC48F66}.Release|iPhoneSimulator.Build.0 = Release|Any CPU
		{16A0817B-8FA4-4EFC-AAD7-F492BCC48F66}.Release|iPhoneSimulator.Deploy.0 = Release|Any CPU
		{16A0817B-8FA4-4EFC-AAD7-F492BCC48F66}.Release|x64.ActiveCfg = Release|Any CPU
		{16A0817B-8FA4-4EFC-AAD7-F492BCC48F66}.Release|x64.Build.0 = Release|Any CPU
		{16A0817B-8FA4-4EFC-AAD7-F492BCC48F66}.Release|x64.Deploy.0 = Release|Any CPU
		{16A0817B-8FA4-4EFC-AAD7-F492BCC48F66}.Release|x86.ActiveCfg = Release|Any CPU
		{16A0817B-8FA4-4EFC-AAD7-F492BCC48F66}.Release|x86.Build.0 = Release|Any CPU
		{16A0817B-8FA4-4EFC-AAD7-F492BCC48F66}.Release|x86.Deploy.0 = Release|Any CPU
	EndGlobalSection
	GlobalSection(SolutionProperties) = preSolution
		HideSolutionNode = FALSE
	EndGlobalSection
	GlobalSection(ExtensibilityGlobals) = postSolution
		SolutionGuid = {C809E58F-5BEE-4B4C-8C12-31B4E78F7442}
	EndGlobalSection
EndGlobal
